
Microsoft Visual Studio Solution File, Format Version 12.00
# Visual Studio Version 16
VisualStudioVersion = 16.0.30717.126
MinimumVisualStudioVersion = 10.0.40219.1
Project("{FAE04EC0-301F-11D3-BF4B-00C04F79EFBC}") = "HotelReservationsManager", "HotelReservationsManager\HotelReservationsManager.csproj", "{DF74CB69-3CDE-4794-9E93-755A71562747}"
EndProject
Global
	GlobalSection(SolutionConfigurationPlatforms) = preSolution
		Debug|Any CPU = Debug|Any CPU
		Release|Any CPU = Release|Any CPU
	EndGlobalSection
	GlobalSection(ProjectConfigurationPlatforms) = postSolution
		{DF74CB69-3CDE-4794-9E93-755A71562747}.Debug|Any CPU.ActiveCfg = Debug|Any CPU
		{DF74CB69-3CDE-4794-9E93-755A71562747}.Debug|Any CPU.Build.0 = Debug|Any CPU
		{DF74CB69-3CDE-4794-9E93-755A71562747}.Release|Any CPU.ActiveCfg = Release|Any CPU
		{DF74CB69-3CDE-4794-9E93-755A71562747}.Release|Any CPU.Build.0 = Release|Any CPU
	EndGlobalSection
	GlobalSection(SolutionProperties) = preSolution
		HideSolutionNode = FALSE
	EndGlobalSection
	GlobalSection(ExtensibilityGlobals) = postSolution
		SolutionGuid = {66B8B970-D89E-4B70-AFA2-0F17B6FD3B9C}
	EndGlobalSection
EndGlobal
